
Microsoft Visual Studio Solution File, Format Version 12.00
# Visual Studio Version 17
VisualStudioVersion = 17.8.34330.188
MinimumVisualStudioVersion = 10.0.40219.1
Project("{9A19103F-16F7-4668-BE54-9A1E7A4F7556}") = "PhuongLHK.Asm2.Web", "PhuongLHK.Asm2\PhuongLHK.Asm2.Web.csproj", "{3B1821AA-5170-4AFE-9E1B-F4551C48B57F}"
EndProject
Project("{9A19103F-16F7-4668-BE54-9A1E7A4F7556}") = "PhuongLHK.Asm2.Repo", "PhuongLHK.Asm2.Repo\PhuongLHK.Asm2.Repo.csproj", "{482CEB4B-FB0D-43F3-B019-4438E9E078AA}"
EndProject
Global
	GlobalSection(SolutionConfigurationPlatforms) = preSolution
		Debug|Any CPU = Debug|Any CPU
		Release|Any CPU = Release|Any CPU
	EndGlobalSection
	GlobalSection(ProjectConfigurationPlatforms) = postSolution
		{3B1821AA-5170-4AFE-9E1B-F4551C48B57F}.Debug|Any CPU.ActiveCfg = Debug|Any CPU
		{3B1821AA-5170-4AFE-9E1B-F4551C48B57F}.Debug|Any CPU.Build.0 = Debug|Any CPU
		{3B1821AA-5170-4AFE-9E1B-F4551C48B57F}.Release|Any CPU.ActiveCfg = Release|Any CPU
		{3B1821AA-5170-4AFE-9E1B-F4551C48B57F}.Release|Any CPU.Build.0 = Release|Any CPU
		{482CEB4B-FB0D-43F3-B019-4438E9E078AA}.Debug|Any CPU.ActiveCfg = Debug|Any CPU
		{482CEB4B-FB0D-43F3-B019-4438E9E078AA}.Debug|Any CPU.Build.0 = Debug|Any CPU
		{482CEB4B-FB0D-43F3-B019-4438E9E078AA}.Release|Any CPU.ActiveCfg = Release|Any CPU
		{482CEB4B-FB0D-43F3-B019-4438E9E078AA}.Release|Any CPU.Build.0 = Release|Any CPU
	EndGlobalSection
	GlobalSection(SolutionProperties) = preSolution
		HideSolutionNode = FALSE
	EndGlobalSection
	GlobalSection(ExtensibilityGlobals) = postSolution
		SolutionGuid = {88642DDA-8C56-4EE7-8FF4-4383D159A74C}
	EndGlobalSection
EndGlobal
